
Microsoft Visual Studio Solution File, Format Version 12.00
# Visual Studio 15
VisualStudioVersion = 15.0.26403.7
MinimumVisualStudioVersion = 10.0.40219.1
Project("{FAE04EC0-301F-11D3-BF4B-00C04F79EFBC}") = "Vidly1", "Vidly1\Vidly1.csproj", "{81EC4214-52B0-4DB3-82E6-79B90A37B49C}"
EndProject
Global
	GlobalSection(SolutionConfigurationPlatforms) = preSolution
		Debug|Any CPU = Debug|Any CPU
		Release|Any CPU = Release|Any CPU
	EndGlobalSection
	GlobalSection(ProjectConfigurationPlatforms) = postSolution
		{81EC4214-52B0-4DB3-82E6-79B90A37B49C}.Debug|Any CPU.ActiveCfg = Debug|Any CPU
		{81EC4214-52B0-4DB3-82E6-79B90A37B49C}.Debug|Any CPU.Build.0 = Debug|Any CPU
		{81EC4214-52B0-4DB3-82E6-79B90A37B49C}.Release|Any CPU.ActiveCfg = Release|Any CPU
		{81EC4214-52B0-4DB3-82E6-79B90A37B49C}.Release|Any CPU.Build.0 = Release|Any CPU
	EndGlobalSection
	GlobalSection(SolutionProperties) = preSolution
		HideSolutionNode = FALSE
	EndGlobalSection
EndGlobal
